# THIS IS AN AUTOGENERATED FILE. DO NOT EDIT THIS FILE DIRECTLY.
# yarn lockfile v1


"@types/node@^8.0.28":
  version "8.10.2"
  resolved "https://registry.yarnpkg.com/@types/node/-/node-8.10.2.tgz#f1fb9c73414832c5b00ee954c4bbf68394e2e526"
  integrity sha512-A6Uv1anbsCvrRDtaUXS2xZ5tlzD+Kg7yMRlSLFDy3z0r7KlGXDzL14vELXIAgpk2aJbU3XeZZQRcEkLkowT92g==
