# This file is machine-generated by `gh actions-lock`.
# Do not edit by hand; run `gh actions-lock` to update.
# Docs: https://gh.io/actions-lockfile
version: 'v0.0.2'
workflows:
    '.github/workflows/brew-release.yml':
        - 'mislav/bump-homebrew-formula-action@v4.2'
    '.github/workflows/cargo-publish.yml':
        - 'actions/checkout@v7.0.1'
        - 'rust-lang/crates-io-auth-action@v1.0.5'
    '.github/workflows/check-license-file.yml':
        - 'actions/checkout@v7.0.1'
        - 'taiki-e/install-action@v2.85.7'
    '.github/workflows/check-licenses.yml':
        - 'actions/checkout@v7.0.1'
        - 'taiki-e/install-action@v2.85.7'
    '.github/workflows/detect-unused-dependencies.yml':
        - 'actions/checkout@v7.0.1'
        - 'taiki-e/install-action@v2.85.7'
    '.github/workflows/fmt.yml':
        - 'actions/checkout@v7.0.1'
        - 'taiki-e/install-action@v2.85.7'
    '.github/workflows/github-release.yml':
        - 'actions/checkout@v7.0.1'
        - 'taiki-e/upload-rust-binary-action@v1.30.2'
    '.github/workflows/lint.yml':
        - 'actions/checkout@v7.0.1'
    '.github/workflows/pinact.yml':
        - 'actions/checkout@v7.0.1'
        - 'suzuki-shunsuke/pinact-action@v1.0.0'
    '.github/workflows/spell-check.yml':
        - 'actions/checkout@v7.0.1'
        - 'taiki-e/install-action@v2.85.7'
    '.github/workflows/test.yml':
        - 'actions/checkout@v7.0.1'
dependencies:
    'actions/checkout@v7.0.1':
        ref: 'v7.0.1'
        commit: 'sha1-3d3c42e5aac5ba805825da76410c181273ba90b1'
        owner_id: 44036562
        repo_id: 197814629
    'aquaproj/aqua-installer@e2d0136abcf70b7a2f6f505720640750557c4b33':
        ref: 'v3.1.1'
        commit: 'sha1-e2d0136abcf70b7a2f6f505720640750557c4b33'
        owner_id: 95116411
        repo_id: 400140776
    'mislav/bump-homebrew-formula-action@v4.2':
        ref: 'v4.2'
        commit: 'sha1-f865c8b0dbebd6e263cc06782a0e974c61cf12d2'
        owner_id: 887
        repo_id: 215108366
    'rust-lang/crates-io-auth-action@v1.0.5':
        ref: 'v1.0.5'
        commit: 'sha1-c6f97d42243bad5fab37ca0427f495c86d5b1a18'
        owner_id: 5430905
        repo_id: 1008931044
    'suzuki-shunsuke/commit-action@9faad521ea6a1e768439ffbe6b25b6cb3fc1b181':
        ref: 'v0.0.6'
        commit: 'sha1-9faad521ea6a1e768439ffbe6b25b6cb3fc1b181'
        owner_id: 13323303
        repo_id: 927615706
        uses:
            - 'aquaproj/aqua-installer@e2d0136abcf70b7a2f6f505720640750557c4b33'
            - 'suzuki-shunsuke/github-token-action@350d7506222e3a0016491abe85b5c4dd475b67d1'
    'suzuki-shunsuke/github-token-action@350d7506222e3a0016491abe85b5c4dd475b67d1':
        ref: 'v0.2.1'
        commit: 'sha1-350d7506222e3a0016491abe85b5c4dd475b67d1'
        owner_id: 13323303
        repo_id: 592974408
        uses:
            - 'tibdex/github-app-token@3beb63f4bd073e61482598c45c71c1019b59b73a'
    'suzuki-shunsuke/pinact-action@v1.0.0':
        ref: 'v1.0.0'
        commit: 'sha1-49cbd6acd0dbab6a6be2585d1dbdaa43b4410133'
        owner_id: 13323303
        repo_id: 663789591
        uses:
            - 'aquaproj/aqua-installer@e2d0136abcf70b7a2f6f505720640750557c4b33'
            - 'suzuki-shunsuke/commit-action@9faad521ea6a1e768439ffbe6b25b6cb3fc1b181'
    'taiki-e/install-action@v2.85.7':
        ref: 'v2.85.7'
        commit: 'sha1-67729d5c413db75907f0ad1e39bb04b9c868ff60'
        owner_id: 43724913
        repo_id: 442947557
    'taiki-e/upload-rust-binary-action@v1.30.2':
        ref: 'v1.30.2'
        commit: 'sha1-f0d45ae91ee7b8ee928de7a9d04d893a08bcbec6'
        owner_id: 43724913
        repo_id: 335671865
    'tibdex/github-app-token@3beb63f4bd073e61482598c45c71c1019b59b73a':
        ref: 'v2.1.0'
        commit: 'sha1-3beb63f4bd073e61482598c45c71c1019b59b73a'
        owner_id: 6574550
        repo_id: 254865575
